// !$*UTF8*$!
{
	archiveVersion = 1;
	classes = {
	};
	objectVersion = 46;
	objects = {

/* Begin PBXBuildFile section */
		451339DC15DB2F38009A1E59 /* CAsyncImageView.m in Sources */ = {isa = PBXBuildFile; fileRef = 451339DB15DB2F38009A1E59 /* CAsyncImageView.m */; };
		451339E015DB3012009A1E59 /* CTimelineTableCellView.m in Sources */ = {isa = PBXBuildFile; fileRef = 451339DF15DB3012009A1E59 /* CTimelineTableCellView.m */; };
		4520B31015DA28E500B81172 /* Credits.rtf in Resources */ = {isa = PBXBuildFile; fileRef = 4520B2EC15DA28E500B81172 /* Credits.rtf */; };
		4520B31115DA28E500B81172 /* InfoPlist.strings in Resources */ = {isa = PBXBuildFile; fileRef = 4520B2EE15DA28E500B81172 /* InfoPlist.strings */; };
		4520B31215DA28E500B81172 /* MainMenu.xib in Resources */ = {isa = PBXBuildFile; fileRef = 4520B2F215DA28E500B81172 /* MainMenu.xib */; };
		4520B31415DA28E500B81172 /* CAppDelegate.m in Sources */ = {isa = PBXBuildFile; fileRef = 4520B2F715DA28E500B81172 /* CAppDelegate.m */; };
		4520B31515DA28E500B81172 /* CAuthenticationViewController.m in Sources */ = {isa = PBXBuildFile; fileRef = 4520B2F915DA28E500B81172 /* CAuthenticationViewController.m */; };
		4520B31615DA28E500B81172 /* CAuthenticationViewController.xib in Resources */ = {isa = PBXBuildFile; fileRef = 4520B2FA15DA28E500B81172 /* CAuthenticationViewController.xib */; };
		4520B31715DA28E500B81172 /* CMainWindowController.m in Sources */ = {isa = PBXBuildFile; fileRef = 4520B2FC15DA28E500B81172 /* CMainWindowController.m */; };
		4520B31815DA28E500B81172 /* CTimelineViewController.m in Sources */ = {isa = PBXBuildFile; fileRef = 4520B2FE15DA28E500B81172 /* CTimelineViewController.m */; };
		4520B31915DA28E500B81172 /* CTimelineViewController.xib in Resources */ = {isa = PBXBuildFile; fileRef = 4520B2FF15DA28E500B81172 /* CTimelineViewController.xib */; };
		4520B31B15DA28E500B81172 /* AppFeed.xcdatamodeld in Sources */ = {isa = PBXBuildFile; fileRef = 4520B30215DA28E500B81172 /* AppFeed.xcdatamodeld */; };
		4520B31C15DA28E500B81172 /* CAppService.m in Sources */ = {isa = PBXBuildFile; fileRef = 4520B30515DA28E500B81172 /* CAppService.m */; };
		4520B31D15DA28E500B81172 /* CArrayMergeHelper.m in Sources */ = {isa = PBXBuildFile; fileRef = 4520B30915DA28E500B81172 /* CArrayMergeHelper.m */; };
		4520B31E15DA28E500B81172 /* CContainerView.m in Sources */ = {isa = PBXBuildFile; fileRef = 4520B30B15DA28E500B81172 /* CContainerView.m */; };
		4520B31F15DA28E500B81172 /* NSArray_Extensions.m in Sources */ = {isa = PBXBuildFile; fileRef = 4520B30D15DA28E500B81172 /* NSArray_Extensions.m */; };
		4520B32015DA28E500B81172 /* NSURL+Extensions.m in Sources */ = {isa = PBXBuildFile; fileRef = 4520B30F15DA28E500B81172 /* NSURL+Extensions.m */; };
		4520B32215DA290200B81172 /* MainWindow.xib in Resources */ = {isa = PBXBuildFile; fileRef = 4520B32115DA290200B81172 /* MainWindow.xib */; };
		4520B32415DA293C00B81172 /* main.m in Sources */ = {isa = PBXBuildFile; fileRef = 4520B32315DA293C00B81172 /* main.m */; };
		4520B33215DA35A700B81172 /* CPost.m in Sources */ = {isa = PBXBuildFile; fileRef = 4520B33115DA35A700B81172 /* CPost.m */; };
		4520B33515DA35A800B81172 /* CStream.m in Sources */ = {isa = PBXBuildFile; fileRef = 4520B33415DA35A800B81172 /* CStream.m */; };
		4520B33815DA35A800B81172 /* CUser.m in Sources */ = {isa = PBXBuildFile; fileRef = 4520B33715DA35A800B81172 /* CUser.m */; };
		4520B34115DA3D0000B81172 /* CMainViewController.m in Sources */ = {isa = PBXBuildFile; fileRef = 4520B33F15DA3D0000B81172 /* CMainViewController.m */; };
		4520B34215DA3D0000B81172 /* CMainViewController.xib in Resources */ = {isa = PBXBuildFile; fileRef = 4520B34015DA3D0000B81172 /* CMainViewController.xib */; };
		4520B41415DABE4000B81172 /* Security.framework in Frameworks */ = {isa = PBXBuildFile; fileRef = 4520B41315DABE4000B81172 /* Security.framework */; };
		4520B4C515DAD38400B81172 /* CCoreDataManager.m in Sources */ = {isa = PBXBuildFile; fileRef = 4520B43615DAD38300B81172 /* CCoreDataManager.m */; };
		4520B4C615DAD38400B81172 /* CDebuggingManagedObjectContext.m in Sources */ = {isa = PBXBuildFile; fileRef = 4520B43815DAD38300B81172 /* CDebuggingManagedObjectContext.m */; };
		4520B4C815DAD38400B81172 /* NSManagedObjectContext_Extensions.m in Sources */ = {isa = PBXBuildFile; fileRef = 4520B43C15DAD38300B81172 /* NSManagedObjectContext_Extensions.m */; };
		4520B4C915DAD38400B81172 /* CBlockValueTransformer.m in Sources */ = {isa = PBXBuildFile; fileRef = 4520B43F15DAD38300B81172 /* CBlockValueTransformer.m */; };
		4520B4CA15DAD38400B81172 /* ISO8601DateFormatter.m in Sources */ = {isa = PBXBuildFile; fileRef = 4520B44315DAD38300B81172 /* ISO8601DateFormatter.m */; };
		4520B4CB15DAD38400B81172 /* NSDate_Extensions.m in Sources */ = {isa = PBXBuildFile; fileRef = 4520B44515DAD38300B81172 /* NSDate_Extensions.m */; };
		4520B4CC15DAD38400B81172 /* NSDate_InternetDateExtensions.m in Sources */ = {isa = PBXBuildFile; fileRef = 4520B44715DAD38300B81172 /* NSDate_InternetDateExtensions.m */; };
		4520B4CD15DAD38400B81172 /* NSDate_LiberalDates.m in Sources */ = {isa = PBXBuildFile; fileRef = 4520B44915DAD38300B81172 /* NSDate_LiberalDates.m */; };
		4520B4CE15DAD38400B81172 /* NSDateFormatter_InternetDateExtensions.m in Sources */ = {isa = PBXBuildFile; fileRef = 4520B44B15DAD38300B81172 /* NSDateFormatter_InternetDateExtensions.m */; };
		4520B4CF15DAD38400B81172 /* NSArray_Extensions.m in Sources */ = {isa = PBXBuildFile; fileRef = 4520B44D15DAD38300B81172 /* NSArray_Extensions.m */; };
		4520B4D015DAD38400B81172 /* NSData_Base64Extensions.m in Sources */ = {isa = PBXBuildFile; fileRef = 4520B44F15DAD38300B81172 /* NSData_Base64Extensions.m */; };
		4520B4D115DAD38400B81172 /* NSData_DigestExtensions.m in Sources */ = {isa = PBXBuildFile; fileRef = 4520B45115DAD38300B81172 /* NSData_DigestExtensions.m */; };
		4520B4D215DAD38400B81172 /* NSData_Extensions.m in Sources */ = {isa = PBXBuildFile; fileRef = 4520B45315DAD38300B81172 /* NSData_Extensions.m */; };
		4520B4D315DAD38400B81172 /* NSDecimalNumber_Extensions.m in Sources */ = {isa = PBXBuildFile; fileRef = 4520B45515DAD38300B81172 /* NSDecimalNumber_Extensions.m */; };
		4520B4D415DAD38400B81172 /* NSError_Extensions.m in Sources */ = {isa = PBXBuildFile; fileRef = 4520B45715DAD38300B81172 /* NSError_Extensions.m */; };
		4520B4D515DAD38400B81172 /* NSFileHandle_Extensions.m in Sources */ = {isa = PBXBuildFile; fileRef = 4520B45915DAD38300B81172 /* NSFileHandle_Extensions.m */; };
		4520B4D615DAD38400B81172 /* NSFileManager_Extensions.m in Sources */ = {isa = PBXBuildFile; fileRef = 4520B45B15DAD38300B81172 /* NSFileManager_Extensions.m */; };
		4520B4D715DAD38400B81172 /* NSNumber_Extensions.m in Sources */ = {isa = PBXBuildFile; fileRef = 4520B45D15DAD38300B81172 /* NSNumber_Extensions.m */; };
		4520B4D815DAD38400B81172 /* NSObject_KVCExtensions.m in Sources */ = {isa = PBXBuildFile; fileRef = 4520B45F15DAD38300B81172 /* NSObject_KVCExtensions.m */; };
		4520B4D915DAD38400B81172 /* NSObject_KVOBlock.m in Sources */ = {isa = PBXBuildFile; fileRef = 4520B46115DAD38300B81172 /* NSObject_KVOBlock.m */; };
		4520B4DA15DAD38400B81172 /* NSOperationQueue_Extensions.m in Sources */ = {isa = PBXBuildFile; fileRef = 4520B46315DAD38300B81172 /* NSOperationQueue_Extensions.m */; };
		4520B4DB15DAD38400B81172 /* NSScanner_Extensions.m in Sources */ = {isa = PBXBuildFile; fileRef = 4520B46515DAD38300B81172 /* NSScanner_Extensions.m */; };
		4520B4DC15DAD38400B81172 /* NSScanner_HTMLExtensions.m in Sources */ = {isa = PBXBuildFile; fileRef = 4520B46715DAD38300B81172 /* NSScanner_HTMLExtensions.m */; };
		4520B4DD15DAD38400B81172 /* NSSet_Extensions.m in Sources */ = {isa = PBXBuildFile; fileRef = 4520B46915DAD38300B81172 /* NSSet_Extensions.m */; };
		4520B4DE15DAD38400B81172 /* NSString_Extensions.m in Sources */ = {isa = PBXBuildFile; fileRef = 4520B46B15DAD38300B81172 /* NSString_Extensions.m */; };
		4520B4DF15DAD38400B81172 /* NSString_HTMLExtensions.m in Sources */ = {isa = PBXBuildFile; fileRef = 4520B46D15DAD38300B81172 /* NSString_HTMLExtensions.m */; };
		4520B4E015DAD38400B81172 /* NSURL_ComponentsExtensions.m in Sources */ = {isa = PBXBuildFile; fileRef = 4520B46F15DAD38300B81172 /* NSURL_ComponentsExtensions.m */; };
		4520B4E115DAD38400B81172 /* NSURL_DataExtensions.m in Sources */ = {isa = PBXBuildFile; fileRef = 4520B47115DAD38300B81172 /* NSURL_DataExtensions.m */; };
		4520B4E215DAD38400B81172 /* NSURL_Extensions.m in Sources */ = {isa = PBXBuildFile; fileRef = 4520B47315DAD38300B81172 /* NSURL_Extensions.m */; };
		4520B4E315DAD38400B81172 /* NSURLResponse_Extensions.m in Sources */ = {isa = PBXBuildFile; fileRef = 4520B47515DAD38300B81172 /* NSURLResponse_Extensions.m */; };
		4520B4E415DAD38400B81172 /* NSValue_Extensions.m in Sources */ = {isa = PBXBuildFile; fileRef = 4520B47715DAD38300B81172 /* NSValue_Extensions.m */; };
		4520B4E515DAD38400B81172 /* CInvocationGrabber.m in Sources */ = {isa = PBXBuildFile; fileRef = 4520B47A15DAD38300B81172 /* CInvocationGrabber.m */; };
		4520B4E615DAD38400B81172 /* NSObject_InvocationGrabberExtensions.m in Sources */ = {isa = PBXBuildFile; fileRef = 4520B47C15DAD38300B81172 /* NSObject_InvocationGrabberExtensions.m */; };
		4520B4E715DAD38400B81172 /* Base64Transcoder.c in Sources */ = {isa = PBXBuildFile; fileRef = 4520B47E15DAD38300B81172 /* Base64Transcoder.c */; };
		4520B4E815DAD38400B81172 /* CDateRange.m in Sources */ = {isa = PBXBuildFile; fileRef = 4520B48115DAD38300B81172 /* CDateRange.m */; };
		4520B4E915DAD38400B81172 /* CFormEncodingSerialization.m in Sources */ = {isa = PBXBuildFile; fileRef = 4520B48315DAD38300B81172 /* CFormEncodingSerialization.m */; };
		4520B4EA15DAD38400B81172 /* CJSONValueTransformer.m in Sources */ = {isa = PBXBuildFile; fileRef = 4520B48515DAD38300B81172 /* CJSONValueTransformer.m */; };
		4520B4EB15DAD38400B81172 /* CPersistentCache.m in Sources */ = {isa = PBXBuildFile; fileRef = 4520B48715DAD38300B81172 /* CPersistentCache.m */; };
		4520B4EC15DAD38400B81172 /* CTemporaryData.m in Sources */ = {isa = PBXBuildFile; fileRef = 4520B48915DAD38300B81172 /* CTemporaryData.m */; };
		4520B4ED15DAD38400B81172 /* CTemporaryFile.m in Sources */ = {isa = PBXBuildFile; fileRef = 4520B48B15DAD38300B81172 /* CTemporaryFile.m */; };
		4520B4EE15DAD38400B81172 /* CTrivialTemplate.m in Sources */ = {isa = PBXBuildFile; fileRef = 4520B48D15DAD38300B81172 /* CTrivialTemplate.m */; };
		4520B4EF15DAD38400B81172 /* CTypedData.m in Sources */ = {isa = PBXBuildFile; fileRef = 4520B48F15DAD38300B81172 /* CTypedData.m */; };
		4520B4F015DAD38400B81172 /* CTypedData_JSONExtensions.m in Sources */ = {isa = PBXBuildFile; fileRef = 4520B49115DAD38300B81172 /* CTypedData_JSONExtensions.m */; };
		4520B4F115DAD38400B81172 /* CURLOperation.m in Sources */ = {isa = PBXBuildFile; fileRef = 4520B49315DAD38300B81172 /* CURLOperation.m */; };
		4520B4F215DAD38400B81172 /* CValueValidator.m in Sources */ = {isa = PBXBuildFile; fileRef = 4520B49515DAD38300B81172 /* CValueValidator.m */; };
		4520B4F315DAD38400B81172 /* CValueWrapper.m in Sources */ = {isa = PBXBuildFile; fileRef = 4520B49715DAD38300B81172 /* CValueWrapper.m */; };
		4520B4F415DAD38400B81172 /* Geometry.m in Sources */ = {isa = PBXBuildFile; fileRef = 4520B49915DAD38300B81172 /* Geometry.m */; };
		4520B4F515DAD38400B81172 /* CNetworkManager.m in Sources */ = {isa = PBXBuildFile; fileRef = 4520B49C15DAD38400B81172 /* CNetworkManager.m */; };
		4520B4F615DAD38400B81172 /* CTestNetworkManager.m in Sources */ = {isa = PBXBuildFile; fileRef = 4520B49E15DAD38400B81172 /* CTestNetworkManager.m */; };
		4520B4FA15DAD38400B81172 /* CBundleResourceURLProtocol.m in Sources */ = {isa = PBXBuildFile; fileRef = 4520B4A915DAD38400B81172 /* CBundleResourceURLProtocol.m */; };
		4520B4FB15DAD38400B81172 /* CCommaArrayTransformer.m in Sources */ = {isa = PBXBuildFile; fileRef = 4520B4AC15DAD38400B81172 /* CCommaArrayTransformer.m */; };
		4520B4FC15DAD38400B81172 /* CFloatTransformer.m in Sources */ = {isa = PBXBuildFile; fileRef = 4520B4AE15DAD38400B81172 /* CFloatTransformer.m */; };
		4520B4FD15DAD38400B81172 /* CHumanDateFormatter.m in Sources */ = {isa = PBXBuildFile; fileRef = 4520B4B015DAD38400B81172 /* CHumanDateFormatter.m */; };
		4520B4FE15DAD38400B81172 /* CNumberToStringValueTransformer.m in Sources */ = {isa = PBXBuildFile; fileRef = 4520B4B215DAD38400B81172 /* CNumberToStringValueTransformer.m */; };
		4520B4FF15DAD38400B81172 /* CYAKeychain.m in Sources */ = {isa = PBXBuildFile; fileRef = 4520B4B515DAD38400B81172 /* CYAKeychain.m */; };
		4520B52015DB124200B81172 /* CPostWindowController.m in Sources */ = {isa = PBXBuildFile; fileRef = 4520B51E15DB124200B81172 /* CPostWindowController.m */; };
		4520B52115DB124200B81172 /* CPostWindowController.xib in Resources */ = {isa = PBXBuildFile; fileRef = 4520B51F15DB124200B81172 /* CPostWindowController.xib */; };
		45DAA30E15D8B26300459C51 /* Cocoa.framework in Frameworks */ = {isa = PBXBuildFile; fileRef = 45DAA30D15D8B26300459C51 /* Cocoa.framework */; };
		45DAA35B15D8B61E00459C51 /* WebKit.framework in Frameworks */ = {isa = PBXBuildFile; fileRef = 45DAA35415D8B3AE00459C51 /* WebKit.framework */; };
/* End PBXBuildFile section */

/* Begin PBXFileReference section */
		451339DA15DB2F38009A1E59 /* CAsyncImageView.h */ = {isa = PBXFileReference; fileEncoding = 4; lastKnownFileType = sourcecode.c.h; path = CAsyncImageView.h; sourceTree = "<group>"; };
		451339DB15DB2F38009A1E59 /* CAsyncImageView.m */ = {isa = PBXFileReference; fileEncoding = 4; lastKnownFileType = sourcecode.c.objc; path = CAsyncImageView.m; sourceTree = "<group>"; };
		451339DE15DB3012009A1E59 /* CTimelineTableCellView.h */ = {isa = PBXFileReference; fileEncoding = 4; lastKnownFileType = sourcecode.c.h; path = CTimelineTableCellView.h; sourceTree = "<group>"; };
		451339DF15DB3012009A1E59 /* CTimelineTableCellView.m */ = {isa = PBXFileReference; fileEncoding = 4; lastKnownFileType = sourcecode.c.objc; path = CTimelineTableCellView.m; sourceTree = "<group>"; };
		4520B2ED15DA28E500B81172 /* en */ = {isa = PBXFileReference; lastKnownFileType = text.rtf; name = en; path = en.lproj/Credits.rtf; sourceTree = "<group>"; };
		4520B2EF15DA28E500B81172 /* en */ = {isa = PBXFileReference; lastKnownFileType = text.plist.strings; name = en; path = en.lproj/InfoPlist.strings; sourceTree = "<group>"; };
		4520B2F315DA28E500B81172 /* en */ = {isa = PBXFileReference; lastKnownFileType = file.xib; name = en; path = en.lproj/MainMenu.xib; sourceTree = "<group>"; };
		4520B2F415DA28E500B81172 /* Info.plist */ = {isa = PBXFileReference; fileEncoding = 4; lastKnownFileType = text.plist.xml; path = Info.plist; sourceTree = "<group>"; };
		4520B2F615DA28E500B81172 /* CAppDelegate.h */ = {isa = PBXFileReference; fileEncoding = 4; lastKnownFileType = sourcecode.c.h; path = CAppDelegate.h; sourceTree = "<group>"; };
		4520B2F715DA28E500B81172 /* CAppDelegate.m */ = {isa = PBXFileReference; fileEncoding = 4; lastKnownFileType = sourcecode.c.objc; path = CAppDelegate.m; sourceTree = "<group>"; };
		4520B2F815DA28E500B81172 /* CAuthenticationViewController.h */ = {isa = PBXFileReference; fileEncoding = 4; lastKnownFileType = sourcecode.c.h; path = CAuthenticationViewController.h; sourceTree = "<group>"; };
		4520B2F915DA28E500B81172 /* CAuthenticationViewController.m */ = {isa = PBXFileReference; fileEncoding = 4; lastKnownFileType = sourcecode.c.objc; path = CAuthenticationViewController.m; sourceTree = "<group>"; };
		4520B2FA15DA28E500B81172 /* CAuthenticationViewController.xib */ = {isa = PBXFileReference; fileEncoding = 4; lastKnownFileType = file.xib; path = CAuthenticationViewController.xib; sourceTree = "<group>"; };
		4520B2FB15DA28E500B81172 /* CMainWindowController.h */ = {isa = PBXFileReference; fileEncoding = 4; lastKnownFileType = sourcecode.c.h; path = CMainWindowController.h; sourceTree = "<group>"; };
		4520B2FC15DA28E500B81172 /* CMainWindowController.m */ = {isa = PBXFileReference; fileEncoding = 4; lastKnownFileType = sourcecode.c.objc; path = CMainWindowController.m; sourceTree = "<group>"; };
		4520B2FD15DA28E500B81172 /* CTimelineViewController.h */ = {isa = PBXFileReference; fileEncoding = 4; lastKnownFileType = sourcecode.c.h; path = CTimelineViewController.h; sourceTree = "<group>"; };
		4520B2FE15DA28E500B81172 /* CTimelineViewController.m */ = {isa = PBXFileReference; fileEncoding = 4; lastKnownFileType = sourcecode.c.objc; path = CTimelineViewController.m; sourceTree = "<group>"; };
		4520B2FF15DA28E500B81172 /* CTimelineViewController.xib */ = {isa = PBXFileReference; fileEncoding = 4; lastKnownFileType = file.xib; path = CTimelineViewController.xib; sourceTree = "<group>"; };
		4520B30315DA28E500B81172 /* 1.xcdatamodel */ = {isa = PBXFileReference; lastKnownFileType = wrapper.xcdatamodel; path = 1.xcdatamodel; sourceTree = "<group>"; };
		4520B30415DA28E500B81172 /* CAppService.h */ = {isa = PBXFileReference; fileEncoding = 4; lastKnownFileType = sourcecode.c.h; path = CAppService.h; sourceTree = "<group>"; };
		4520B30515DA28E500B81172 /* CAppService.m */ = {isa = PBXFileReference; fileEncoding = 4; lastKnownFileType = sourcecode.c.objc; path = CAppService.m; sourceTree = "<group>"; };
		4520B30615DA28E500B81172 /* Prefix.pch */ = {isa = PBXFileReference; fileEncoding = 4; lastKnownFileType = sourcecode.c.h; path = Prefix.pch; sourceTree = "<group>"; };
		4520B30815DA28E500B81172 /* CArrayMergeHelper.h */ = {isa = PBXFileReference; fileEncoding = 4; lastKnownFileType = sourcecode.c.h; path = CArrayMergeHelper.h; sourceTree = "<group>"; };
		4520B30915DA28E500B81172 /* CArrayMergeHelper.m */ = {isa = PBXFileReference; fileEncoding = 4; lastKnownFileType = sourcecode.c.objc; path = CArrayMergeHelper.m; sourceTree = "<group>"; };
		4520B30A15DA28E500B81172 /* CContainerView.h */ = {isa = PBXFileReference; fileEncoding = 4; lastKnownFileType = sourcecode.c.h; path = CContainerView.h; sourceTree = "<group>"; };
		4520B30B15DA28E500B81172 /* CContainerView.m */ = {isa = PBXFileReference; fileEncoding = 4; lastKnownFileType = sourcecode.c.objc; path = CContainerView.m; sourceTree = "<group>"; };
		4520B30C15DA28E500B81172 /* NSArray_Extensions.h */ = {isa = PBXFileReference; fileEncoding = 4; lastKnownFileType = sourcecode.c.h; path = NSArray_Extensions.h; sourceTree = "<group>"; };
		4520B30D15DA28E500B81172 /* NSArray_Extensions.m */ = {isa = PBXFileReference; fileEncoding = 4; lastKnownFileType = sourcecode.c.objc; path = NSArray_Extensions.m; sourceTree = "<group>"; };
		4520B30E15DA28E500B81172 /* NSURL+Extensions.h */ = {isa = PBXFileReference; fileEncoding = 4; lastKnownFileType = sourcecode.c.h; path = "NSURL+Extensions.h"; sourceTree = "<group>"; };
		4520B30F15DA28E500B81172 /* NSURL+Extensions.m */ = {isa = PBXFileReference; fileEncoding = 4; lastKnownFileType = sourcecode.c.objc; path = "NSURL+Extensions.m"; sourceTree = "<group>"; };
		4520B32115DA290200B81172 /* MainWindow.xib */ = {isa = PBXFileReference; fileEncoding = 4; lastKnownFileType = file.xib; path = MainWindow.xib; sourceTree = "<group>"; };
		4520B32315DA293C00B81172 /* main.m */ = {isa = PBXFileReference; fileEncoding = 4; lastKnownFileType = sourcecode.c.objc; path = main.m; sourceTree = "<group>"; };
		4520B32515DA2BF800B81172 /* 2.xcdatamodel */ = {isa = PBXFileReference; lastKnownFileType = wrapper.xcdatamodel; path = 2.xcdatamodel; sourceTree = "<group>"; };
		4520B32615DA344E00B81172 /* 3.xcdatamodel */ = {isa = PBXFileReference; lastKnownFileType = wrapper.xcdatamodel; path = 3.xcdatamodel; sourceTree = "<group>"; };
		4520B33015DA35A700B81172 /* CPost.h */ = {isa = PBXFileReference; fileEncoding = 4; lastKnownFileType = sourcecode.c.h; path = CPost.h; sourceTree = "<group>"; };
		4520B33115DA35A700B81172 /* CPost.m */ = {isa = PBXFileReference; fileEncoding = 4; lastKnownFileType = sourcecode.c.objc; path = CPost.m; sourceTree = "<group>"; };
		4520B33315DA35A800B81172 /* CStream.h */ = {isa = PBXFileReference; fileEncoding = 4; lastKnownFileType = sourcecode.c.h; path = CStream.h; sourceTree = "<group>"; };
		4520B33415DA35A800B81172 /* CStream.m */ = {isa = PBXFileReference; fileEncoding = 4; lastKnownFileType = sourcecode.c.objc; path = CStream.m; sourceTree = "<group>"; };
		4520B33615DA35A800B81172 /* CUser.h */ = {isa = PBXFileReference; fileEncoding = 4; lastKnownFileType = sourcecode.c.h; path = CUser.h; sourceTree = "<group>"; };
		4520B33715DA35A800B81172 /* CUser.m */ = {isa = PBXFileReference; fileEncoding = 4; lastKnownFileType = sourcecode.c.objc; path = CUser.m; sourceTree = "<group>"; };
		4520B33915DA399D00B81172 /* 4.xcdatamodel */ = {isa = PBXFileReference; lastKnownFileType = wrapper.xcdatamodel; path = 4.xcdatamodel; sourceTree = "<group>"; };
		4520B33E15DA3D0000B81172 /* CMainViewController.h */ = {isa = PBXFileReference; fileEncoding = 4; lastKnownFileType = sourcecode.c.h; path = CMainViewController.h; sourceTree = "<group>"; };
		4520B33F15DA3D0000B81172 /* CMainViewController.m */ = {isa = PBXFileReference; fileEncoding = 4; lastKnownFileType = sourcecode.c.objc; path = CMainViewController.m; sourceTree = "<group>"; };
		4520B34015DA3D0000B81172 /* CMainViewController.xib */ = {isa = PBXFileReference; fileEncoding = 4; lastKnownFileType = file.xib; path = CMainViewController.xib; sourceTree = "<group>"; };
		4520B41315DABE4000B81172 /* Security.framework */ = {isa = PBXFileReference; lastKnownFileType = wrapper.framework; name = Security.framework; path = System/Library/Frameworks/Security.framework; sourceTree = SDKROOT; };
		4520B43315DAD38300B81172 /* Asserts.h */ = {isa = PBXFileReference; fileEncoding = 4; lastKnownFileType = sourcecode.c.h; path = Asserts.h; sourceTree = "<group>"; };
		4520B43515DAD38300B81172 /* CCoreDataManager.h */ = {isa = PBXFileReference; fileEncoding = 4; lastKnownFileType = sourcecode.c.h; path = CCoreDataManager.h; sourceTree = "<group>"; };
		4520B43615DAD38300B81172 /* CCoreDataManager.m */ = {isa = PBXFileReference; fileEncoding = 4; lastKnownFileType = sourcecode.c.objc; path = CCoreDataManager.m; sourceTree = "<group>"; };
		4520B43715DAD38300B81172 /* CDebuggingManagedObjectContext.h */ = {isa = PBXFileReference; fileEncoding = 4; lastKnownFileType = sourcecode.c.h; path = CDebuggingManagedObjectContext.h; sourceTree = "<group>"; };
		4520B43815DAD38300B81172 /* CDebuggingManagedObjectContext.m */ = {isa = PBXFileReference; fileEncoding = 4; lastKnownFileType = sourcecode.c.objc; path = CDebuggingManagedObjectContext.m; sourceTree = "<group>"; };
		4520B43B15DAD38300B81172 /* NSManagedObjectContext_Extensions.h */ = {isa = PBXFileReference; fileEncoding = 4; lastKnownFileType = sourcecode.c.h; path = NSManagedObjectContext_Extensions.h; sourceTree = "<group>"; };
		4520B43C15DAD38300B81172 /* NSManagedObjectContext_Extensions.m */ = {isa = PBXFileReference; fileEncoding = 4; lastKnownFileType = sourcecode.c.objc; path = NSManagedObjectContext_Extensions.m; sourceTree = "<group>"; };
		4520B43E15DAD38300B81172 /* CBlockValueTransformer.h */ = {isa = PBXFileReference; fileEncoding = 4; lastKnownFileType = sourcecode.c.h; path = CBlockValueTransformer.h; sourceTree = "<group>"; };
		4520B43F15DAD38300B81172 /* CBlockValueTransformer.m */ = {isa = PBXFileReference; fileEncoding = 4; lastKnownFileType = sourcecode.c.objc; path = CBlockValueTransformer.m; sourceTree = "<group>"; };
		4520B44215DAD38300B81172 /* ISO8601DateFormatter.h */ = {isa = PBXFileReference; fileEncoding = 4; lastKnownFileType = sourcecode.c.h; path = ISO8601DateFormatter.h; sourceTree = "<group>"; };
		4520B44315DAD38300B81172 /* ISO8601DateFormatter.m */ = {isa = PBXFileReference; fileEncoding = 4; lastKnownFileType = sourcecode.c.objc; path = ISO8601DateFormatter.m; sourceTree = "<group>"; };
		4520B44415DAD38300B81172 /* NSDate_Extensions.h */ = {isa = PBXFileReference; fileEncoding = 4; lastKnownFileType = sourcecode.c.h; path = NSDate_Extensions.h; sourceTree = "<group>"; };
		4520B44515DAD38300B81172 /* NSDate_Extensions.m */ = {isa = PBXFileReference; fileEncoding = 4; lastKnownFileType = sourcecode.c.objc; path = NSDate_Extensions.m; sourceTree = "<group>"; };
		4520B44615DAD38300B81172 /* NSDate_InternetDateExtensions.h */ = {isa = PBXFileReference; fileEncoding = 4; lastKnownFileType = sourcecode.c.h; path = NSDate_InternetDateExtensions.h; sourceTree = "<group>"; };
		4520B44715DAD38300B81172 /* NSDate_InternetDateExtensions.m */ = {isa = PBXFileReference; fileEncoding = 4; lastKnownFileType = sourcecode.c.objc; path = NSDate_InternetDateExtensions.m; sourceTree = "<group>"; };
		4520B44815DAD38300B81172 /* NSDate_LiberalDates.h */ = {isa = PBXFileReference; fileEncoding = 4; lastKnownFileType = sourcecode.c.h; path = NSDate_LiberalDates.h; sourceTree = "<group>"; };
		4520B44915DAD38300B81172 /* NSDate_LiberalDates.m */ = {isa = PBXFileReference; fileEncoding = 4; lastKnownFileType = sourcecode.c.objc; path = NSDate_LiberalDates.m; sourceTree = "<group>"; };
		4520B44A15DAD38300B81172 /* NSDateFormatter_InternetDateExtensions.h */ = {isa = PBXFileReference; fileEncoding = 4; lastKnownFileType = sourcecode.c.h; path = NSDateFormatter_InternetDateExtensions.h; sourceTree = "<group>"; };
		4520B44B15DAD38300B81172 /* NSDateFormatter_InternetDateExtensions.m */ = {isa = PBXFileReference; fileEncoding = 4; lastKnownFileType = sourcecode.c.objc; path = NSDateFormatter_InternetDateExtensions.m; sourceTree = "<group>"; };
		4520B44C15DAD38300B81172 /* NSArray_Extensions.h */ = {isa = PBXFileReference; fileEncoding = 4; lastKnownFileType = sourcecode.c.h; path = NSArray_Extensions.h; sourceTree = "<group>"; };
		4520B44D15DAD38300B81172 /* NSArray_Extensions.m */ = {isa = PBXFileReference; fileEncoding = 4; lastKnownFileType = sourcecode.c.objc; path = NSArray_Extensions.m; sourceTree = "<group>"; };
		4520B44E15DAD38300B81172 /* NSData_Base64Extensions.h */ = {isa = PBXFileReference; fileEncoding = 4; lastKnownFileType = sourcecode.c.h; path = NSData_Base64Extensions.h; sourceTree = "<group>"; };
		4520B44F15DAD38300B81172 /* NSData_Base64Extensions.m */ = {isa = PBXFileReference; fileEncoding = 4; lastKnownFileType = sourcecode.c.objc; path = NSData_Base64Extensions.m; sourceTree = "<group>"; };
		4520B45015DAD38300B81172 /* NSData_DigestExtensions.h */ = {isa = PBXFileReference; fileEncoding = 4; lastKnownFileType = sourcecode.c.h; path = NSData_DigestExtensions.h; sourceTree = "<group>"; };
		4520B45115DAD38300B81172 /* NSData_DigestExtensions.m */ = {isa = PBXFileReference; fileEncoding = 4; lastKnownFileType = sourcecode.c.objc; path = NSData_DigestExtensions.m; sourceTree = "<group>"; };
		4520B45215DAD38300B81172 /* NSData_Extensions.h */ = {isa = PBXFileReference; fileEncoding = 4; lastKnownFileType = sourcecode.c.h; path = NSData_Extensions.h; sourceTree = "<group>"; };
		4520B45315DAD38300B81172 /* NSData_Extensions.m */ = {isa = PBXFileReference; fileEncoding = 4; lastKnownFileType = sourcecode.c.objc; path = NSData_Extensions.m; sourceTree = "<group>"; };
		4520B45415DAD38300B81172 /* NSDecimalNumber_Extensions.h */ = {isa = PBXFileReference; fileEncoding = 4; lastKnownFileType = sourcecode.c.h; path = NSDecimalNumber_Extensions.h; sourceTree = "<group>"; };
		4520B45515DAD38300B81172 /* NSDecimalNumber_Extensions.m */ = {isa = PBXFileReference; fileEncoding = 4; lastKnownFileType = sourcecode.c.objc; path = NSDecimalNumber_Extensions.m; sourceTree = "<group>"; };
		4520B45615DAD38300B81172 /* NSError_Extensions.h */ = {isa = PBXFileReference; fileEncoding = 4; lastKnownFileType = sourcecode.c.h; path = NSError_Extensions.h; sourceTree = "<group>"; };
		4520B45715DAD38300B81172 /* NSError_Extensions.m */ = {isa = PBXFileReference; fileEncoding = 4; lastKnownFileType = sourcecode.c.objc; path = NSError_Extensions.m; sourceTree = "<group>"; };
		4520B45815DAD38300B81172 /* NSFileHandle_Extensions.h */ = {isa = PBXFileReference; fileEncoding = 4; lastKnownFileType = sourcecode.c.h; path = NSFileHandle_Extensions.h; sourceTree = "<group>"; };
		4520B45915DAD38300B81172 /* NSFileHandle_Extensions.m */ = {isa = PBXFileReference; fileEncoding = 4; lastKnownFileType = sourcecode.c.objc; path = NSFileHandle_Extensions.m; sourceTree = "<group>"; };
		4520B45A15DAD38300B81172 /* NSFileManager_Extensions.h */ = {isa = PBXFileReference; fileEncoding = 4; lastKnownFileType = sourcecode.c.h; path = NSFileManager_Extensions.h; sourceTree = "<group>"; };
		4520B45B15DAD38300B81172 /* NSFileManager_Extensions.m */ = {isa = PBXFileReference; fileEncoding = 4; lastKnownFileType = sourcecode.c.objc; path = NSFileManager_Extensions.m; sourceTree = "<group>"; };
		4520B45C15DAD38300B81172 /* NSNumber_Extensions.h */ = {isa = PBXFileReference; fileEncoding = 4; lastKnownFileType = sourcecode.c.h; path = NSNumber_Extensions.h; sourceTree = "<group>"; };
		4520B45D15DAD38300B81172 /* NSNumber_Extensions.m */ = {isa = PBXFileReference; fileEncoding = 4; lastKnownFileType = sourcecode.c.objc; path = NSNumber_Extensions.m; sourceTree = "<group>"; };
		4520B45E15DAD38300B81172 /* NSObject_KVCExtensions.h */ = {isa = PBXFileReference; fileEncoding = 4; lastKnownFileType = sourcecode.c.h; path = NSObject_KVCExtensions.h; sourceTree = "<group>"; };
		4520B45F15DAD38300B81172 /* NSObject_KVCExtensions.m */ = {isa = PBXFileReference; fileEncoding = 4; lastKnownFileType = sourcecode.c.objc; path = NSObject_KVCExtensions.m; sourceTree = "<group>"; };
		4520B46015DAD38300B81172 /* NSObject_KVOBlock.h */ = {isa = PBXFileReference; fileEncoding = 4; lastKnownFileType = sourcecode.c.h; path = NSObject_KVOBlock.h; sourceTree = "<group>"; };
		4520B46115DAD38300B81172 /* NSObject_KVOBlock.m */ = {isa = PBXFileReference; fileEncoding = 4; lastKnownFileType = sourcecode.c.objc; path = NSObject_KVOBlock.m; sourceTree = "<group>"; };
		4520B46215DAD38300B81172 /* NSOperationQueue_Extensions.h */ = {isa = PBXFileReference; fileEncoding = 4; lastKnownFileType = sourcecode.c.h; path = NSOperationQueue_Extensions.h; sourceTree = "<group>"; };
		4520B46315DAD38300B81172 /* NSOperationQueue_Extensions.m */ = {isa = PBXFileReference; fileEncoding = 4; lastKnownFileType = sourcecode.c.objc; path = NSOperationQueue_Extensions.m; sourceTree = "<group>"; };
		4520B46415DAD38300B81172 /* NSScanner_Extensions.h */ = {isa = PBXFileReference; fileEncoding = 4; lastKnownFileType = sourcecode.c.h; path = NSScanner_Extensions.h; sourceTree = "<group>"; };
		4520B46515DAD38300B81172 /* NSScanner_Extensions.m */ = {isa = PBXFileReference; fileEncoding = 4; lastKnownFileType = sourcecode.c.objc; path = NSScanner_Extensions.m; sourceTree = "<group>"; };
		4520B46615DAD38300B81172 /* NSScanner_HTMLExtensions.h */ = {isa = PBXFileReference; fileEncoding = 4; lastKnownFileType = sourcecode.c.h; path = NSScanner_HTMLExtensions.h; sourceTree = "<group>"; };
		4520B46715DAD38300B81172 /* NSScanner_HTMLExtensions.m */ = {isa = PBXFileReference; fileEncoding = 4; lastKnownFileType = sourcecode.c.objc; path = NSScanner_HTMLExtensions.m; sourceTree = "<group>"; };
		4520B46815DAD38300B81172 /* NSSet_Extensions.h */ = {isa = PBXFileReference; fileEncoding = 4; lastKnownFileType = sourcecode.c.h; path = NSSet_Extensions.h; sourceTree = "<group>"; };
		4520B46915DAD38300B81172 /* NSSet_Extensions.m */ = {isa = PBXFileReference; fileEncoding = 4; lastKnownFileType = sourcecode.c.objc; path = NSSet_Extensions.m; sourceTree = "<group>"; };
		4520B46A15DAD38300B81172 /* NSString_Extensions.h */ = {isa = PBXFileReference; fileEncoding = 4; lastKnownFileType = sourcecode.c.h; path = NSString_Extensions.h; sourceTree = "<group>"; };
		4520B46B15DAD38300B81172 /* NSString_Extensions.m */ = {isa = PBXFileReference; fileEncoding = 4; lastKnownFileType = sourcecode.c.objc; path = NSString_Extensions.m; sourceTree = "<group>"; };
		4520B46C15DAD38300B81172 /* NSString_HTMLExtensions.h */ = {isa = PBXFileReference; fileEncoding = 4; lastKnownFileType = sourcecode.c.h; path = NSString_HTMLExtensions.h; sourceTree = "<group>"; };
		4520B46D15DAD38300B81172 /* NSString_HTMLExtensions.m */ = {isa = PBXFileReference; fileEncoding = 4; lastKnownFileType = sourcecode.c.objc; path = NSString_HTMLExtensions.m; sourceTree = "<group>"; };
		4520B46E15DAD38300B81172 /* NSURL_ComponentsExtensions.h */ = {isa = PBXFileReference; fileEncoding = 4; lastKnownFileType = sourcecode.c.h; path = NSURL_ComponentsExtensions.h; sourceTree = "<group>"; };
		4520B46F15DAD38300B81172 /* NSURL_ComponentsExtensions.m */ = {isa = PBXFileReference; fileEncoding = 4; lastKnownFileType = sourcecode.c.objc; path = NSURL_ComponentsExtensions.m; sourceTree = "<group>"; };
		4520B47015DAD38300B81172 /* NSURL_DataExtensions.h */ = {isa = PBXFileReference; fileEncoding = 4; lastKnownFileType = sourcecode.c.h; path = NSURL_DataExtensions.h; sourceTree = "<group>"; };
		4520B47115DAD38300B81172 /* NSURL_DataExtensions.m */ = {isa = PBXFileReference; fileEncoding = 4; lastKnownFileType = sourcecode.c.objc; path = NSURL_DataExtensions.m; sourceTree = "<group>"; };
		4520B47215DAD38300B81172 /* NSURL_Extensions.h */ = {isa = PBXFileReference; fileEncoding = 4; lastKnownFileType = sourcecode.c.h; path = NSURL_Extensions.h; sourceTree = "<group>"; };
		4520B47315DAD38300B81172 /* NSURL_Extensions.m */ = {isa = PBXFileReference; fileEncoding = 4; lastKnownFileType = sourcecode.c.objc; path = NSURL_Extensions.m; sourceTree = "<group>"; };
		4520B47415DAD38300B81172 /* NSURLResponse_Extensions.h */ = {isa = PBXFileReference; fileEncoding = 4; lastKnownFileType = sourcecode.c.h; path = NSURLResponse_Extensions.h; sourceTree = "<group>"; };
		4520B47515DAD38300B81172 /* NSURLResponse_Extensions.m */ = {isa = PBXFileReference; fileEncoding = 4; lastKnownFileType = sourcecode.c.objc; path = NSURLResponse_Extensions.m; sourceTree = "<group>"; };
		4520B47615DAD38300B81172 /* NSValue_Extensions.h */ = {isa = PBXFileReference; fileEncoding = 4; lastKnownFileType = sourcecode.c.h; path = NSValue_Extensions.h; sourceTree = "<group>"; };
		4520B47715DAD38300B81172 /* NSValue_Extensions.m */ = {isa = PBXFileReference; fileEncoding = 4; lastKnownFileType = sourcecode.c.objc; path = NSValue_Extensions.m; sourceTree = "<group>"; };
		4520B47915DAD38300B81172 /* CInvocationGrabber.h */ = {isa = PBXFileReference; fileEncoding = 4; lastKnownFileType = sourcecode.c.h; path = CInvocationGrabber.h; sourceTree = "<group>"; };
		4520B47A15DAD38300B81172 /* CInvocationGrabber.m */ = {isa = PBXFileReference; fileEncoding = 4; lastKnownFileType = sourcecode.c.objc; path = CInvocationGrabber.m; sourceTree = "<group>"; };
		4520B47B15DAD38300B81172 /* NSObject_InvocationGrabberExtensions.h */ = {isa = PBXFileReference; fileEncoding = 4; lastKnownFileType = sourcecode.c.h; path = NSObject_InvocationGrabberExtensions.h; sourceTree = "<group>"; };
		4520B47C15DAD38300B81172 /* NSObject_InvocationGrabberExtensions.m */ = {isa = PBXFileReference; fileEncoding = 4; lastKnownFileType = sourcecode.c.objc; path = NSObject_InvocationGrabberExtensions.m; sourceTree = "<group>"; };
		4520B47E15DAD38300B81172 /* Base64Transcoder.c */ = {isa = PBXFileReference; fileEncoding = 4; lastKnownFileType = sourcecode.c.c; path = Base64Transcoder.c; sourceTree = "<group>"; };
		4520B47F15DAD38300B81172 /* Base64Transcoder.h */ = {isa = PBXFileReference; fileEncoding = 4; lastKnownFileType = sourcecode.c.h; path = Base64Transcoder.h; sourceTree = "<group>"; };
		4520B48015DAD38300B81172 /* CDateRange.h */ = {isa = PBXFileReference; fileEncoding = 4; lastKnownFileType = sourcecode.c.h; path = CDateRange.h; sourceTree = "<group>"; };
		4520B48115DAD38300B81172 /* CDateRange.m */ = {isa = PBXFileReference; fileEncoding = 4; lastKnownFileType = sourcecode.c.objc; path = CDateRange.m; sourceTree = "<group>"; };
		4520B48215DAD38300B81172 /* CFormEncodingSerialization.h */ = {isa = PBXFileReference; fileEncoding = 4; lastKnownFileType = sourcecode.c.h; path = CFormEncodingSerialization.h; sourceTree = "<group>"; };
		4520B48315DAD38300B81172 /* CFormEncodingSerialization.m */ = {isa = PBXFileReference; fileEncoding = 4; lastKnownFileType = sourcecode.c.objc; path = CFormEncodingSerialization.m; sourceTree = "<group>"; };
		4520B48415DAD38300B81172 /* CJSONValueTransformer.h */ = {isa = PBXFileReference; fileEncoding = 4; lastKnownFileType = sourcecode.c.h; path = CJSONValueTransformer.h; sourceTree = "<group>"; };
		4520B48515DAD38300B81172 /* CJSONValueTransformer.m */ = {isa = PBXFileReference; fileEncoding = 4; lastKnownFileType = sourcecode.c.objc; path = CJSONValueTransformer.m; sourceTree = "<group>"; };
		4520B48615DAD38300B81172 /* CPersistentCache.h */ = {isa = PBXFileReference; fileEncoding = 4; lastKnownFileType = sourcecode.c.h; path = CPersistentCache.h; sourceTree = "<group>"; };
		4520B48715DAD38300B81172 /* CPersistentCache.m */ = {isa = PBXFileReference; fileEncoding = 4; lastKnownFileType = sourcecode.c.objc; path = CPersistentCache.m; sourceTree = "<group>"; };
		4520B48815DAD38300B81172 /* CTemporaryData.h */ = {isa = PBXFileReference; fileEncoding = 4; lastKnownFileType = sourcecode.c.h; path = CTemporaryData.h; sourceTree = "<group>"; };
		4520B48915DAD38300B81172 /* CTemporaryData.m */ = {isa = PBXFileReference; fileEncoding = 4; lastKnownFileType = sourcecode.c.objc; path = CTemporaryData.m; sourceTree = "<group>"; };
		4520B48A15DAD38300B81172 /* CTemporaryFile.h */ = {isa = PBXFileReference; fileEncoding = 4; lastKnownFileType = sourcecode.c.h; path = CTemporaryFile.h; sourceTree = "<group>"; };
		4520B48B15DAD38300B81172 /* CTemporaryFile.m */ = {isa = PBXFileReference; fileEncoding = 4; lastKnownFileType = sourcecode.c.objc; path = CTemporaryFile.m; sourceTree = "<group>"; };
		4520B48C15DAD38300B81172 /* CTrivialTemplate.h */ = {isa = PBXFileReference; fileEncoding = 4; lastKnownFileType = sourcecode.c.h; path = CTrivialTemplate.h; sourceTree = "<group>"; };
		4520B48D15DAD38300B81172 /* CTrivialTemplate.m */ = {isa = PBXFileReference; fileEncoding = 4; lastKnownFileType = sourcecode.c.objc; path = CTrivialTemplate.m; sourceTree = "<group>"; };
		4520B48E15DAD38300B81172 /* CTypedData.h */ = {isa = PBXFileReference; fileEncoding = 4; lastKnownFileType = sourcecode.c.h; path = CTypedData.h; sourceTree = "<group>"; };
		4520B48F15DAD38300B81172 /* CTypedData.m */ = {isa = PBXFileReference; fileEncoding = 4; lastKnownFileType = sourcecode.c.objc; path = CTypedData.m; sourceTree = "<group>"; };
		4520B49015DAD38300B81172 /* CTypedData_JSONExtensions.h */ = {isa = PBXFileReference; fileEncoding = 4; lastKnownFileType = sourcecode.c.h; path = CTypedData_JSONExtensions.h; sourceTree = "<group>"; };
		4520B49115DAD38300B81172 /* CTypedData_JSONExtensions.m */ = {isa = PBXFileReference; fileEncoding = 4; lastKnownFileType = sourcecode.c.objc; path = CTypedData_JSONExtensions.m; sourceTree = "<group>"; };
		4520B49215DAD38300B81172 /* CURLOperation.h */ = {isa = PBXFileReference; fileEncoding = 4; lastKnownFileType = sourcecode.c.h; path = CURLOperation.h; sourceTree = "<group>"; };
		4520B49315DAD38300B81172 /* CURLOperation.m */ = {isa = PBXFileReference; fileEncoding = 4; lastKnownFileType = sourcecode.c.objc; path = CURLOperation.m; sourceTree = "<group>"; };
		4520B49415DAD38300B81172 /* CValueValidator.h */ = {isa = PBXFileReference; fileEncoding = 4; lastKnownFileType = sourcecode.c.h; path = CValueValidator.h; sourceTree = "<group>"; };
		4520B49515DAD38300B81172 /* CValueValidator.m */ = {isa = PBXFileReference; fileEncoding = 4; lastKnownFileType = sourcecode.c.objc; path = CValueValidator.m; sourceTree = "<group>"; };
		4520B49615DAD38300B81172 /* CValueWrapper.h */ = {isa = PBXFileReference; fileEncoding = 4; lastKnownFileType = sourcecode.c.h; path = CValueWrapper.h; sourceTree = "<group>"; };
		4520B49715DAD38300B81172 /* CValueWrapper.m */ = {isa = PBXFileReference; fileEncoding = 4; lastKnownFileType = sourcecode.c.objc; path = CValueWrapper.m; sourceTree = "<group>"; };
		4520B49815DAD38300B81172 /* Geometry.h */ = {isa = PBXFileReference; fileEncoding = 4; lastKnownFileType = sourcecode.c.h; path = Geometry.h; sourceTree = "<group>"; };
		4520B49915DAD38300B81172 /* Geometry.m */ = {isa = PBXFileReference; fileEncoding = 4; lastKnownFileType = sourcecode.c.objc; path = Geometry.m; sourceTree = "<group>"; };
		4520B49B15DAD38400B81172 /* CNetworkManager.h */ = {isa = PBXFileReference; fileEncoding = 4; lastKnownFileType = sourcecode.c.h; path = CNetworkManager.h; sourceTree = "<group>"; };
		4520B49C15DAD38400B81172 /* CNetworkManager.m */ = {isa = PBXFileReference; fileEncoding = 4; lastKnownFileType = sourcecode.c.objc; path = CNetworkManager.m; sourceTree = "<group>"; };
		4520B49D15DAD38400B81172 /* CTestNetworkManager.h */ = {isa = PBXFileReference; fileEncoding = 4; lastKnownFileType = sourcecode.c.h; path = CTestNetworkManager.h; sourceTree = "<group>"; };
		4520B49E15DAD38400B81172 /* CTestNetworkManager.m */ = {isa = PBXFileReference; fileEncoding = 4; lastKnownFileType = sourcecode.c.objc; path = CTestNetworkManager.m; sourceTree = "<group>"; };
		4520B4A615DAD38400B81172 /* TouchcodePrefix.h */ = {isa = PBXFileReference; fileEncoding = 4; lastKnownFileType = sourcecode.c.h; path = TouchcodePrefix.h; sourceTree = "<group>"; };
		4520B4A815DAD38400B81172 /* CBundleResourceURLProtocol.h */ = {isa = PBXFileReference; fileEncoding = 4; lastKnownFileType = sourcecode.c.h; path = CBundleResourceURLProtocol.h; sourceTree = "<group>"; };
		4520B4A915DAD38400B81172 /* CBundleResourceURLProtocol.m */ = {isa = PBXFileReference; fileEncoding = 4; lastKnownFileType = sourcecode.c.objc; path = CBundleResourceURLProtocol.m; sourceTree = "<group>"; };
		4520B4AB15DAD38400B81172 /* CCommaArrayTransformer.h */ = {isa = PBXFileReference; fileEncoding = 4; lastKnownFileType = sourcecode.c.h; path = CCommaArrayTransformer.h; sourceTree = "<group>"; };
		4520B4AC15DAD38400B81172 /* CCommaArrayTransformer.m */ = {isa = PBXFileReference; fileEncoding = 4; lastKnownFileType = sourcecode.c.objc; path = CCommaArrayTransformer.m; sourceTree = "<group>"; };
		4520B4AD15DAD38400B81172 /* CFloatTransformer.h */ = {isa = PBXFileReference; fileEncoding = 4; lastKnownFileType = sourcecode.c.h; path = CFloatTransformer.h; sourceTree = "<group>"; };
		4520B4AE15DAD38400B81172 /* CFloatTransformer.m */ = {isa = PBXFileReference; fileEncoding = 4; lastKnownFileType = sourcecode.c.objc; path = CFloatTransformer.m; sourceTree = "<group>"; };
		4520B4AF15DAD38400B81172 /* CHumanDateFormatter.h */ = {isa = PBXFileReference; fileEncoding = 4; lastKnownFileType = sourcecode.c.h; path = CHumanDateFormatter.h; sourceTree = "<group>"; };
		4520B4B015DAD38400B81172 /* CHumanDateFormatter.m */ = {isa = PBXFileReference; fileEncoding = 4; lastKnownFileType = sourcecode.c.objc; path = CHumanDateFormatter.m; sourceTree = "<group>"; };
		4520B4B115DAD38400B81172 /* CNumberToStringValueTransformer.h */ = {isa = PBXFileReference; fileEncoding = 4; lastKnownFileType = sourcecode.c.h; path = CNumberToStringValueTransformer.h; sourceTree = "<group>"; };
		4520B4B215DAD38400B81172 /* CNumberToStringValueTransformer.m */ = {isa = PBXFileReference; fileEncoding = 4; lastKnownFileType = sourcecode.c.objc; path = CNumberToStringValueTransformer.m; sourceTree = "<group>"; };
		4520B4B415DAD38400B81172 /* CYAKeychain.h */ = {isa = PBXFileReference; fileEncoding = 4; lastKnownFileType = sourcecode.c.h; path = CYAKeychain.h; sourceTree = "<group>"; };
		4520B4B515DAD38400B81172 /* CYAKeychain.m */ = {isa = PBXFileReference; fileEncoding = 4; lastKnownFileType = sourcecode.c.objc; path = CYAKeychain.m; sourceTree = "<group>"; };
		4520B51D15DB124200B81172 /* CPostWindowController.h */ = {isa = PBXFileReference; fileEncoding = 4; lastKnownFileType = sourcecode.c.h; path = CPostWindowController.h; sourceTree = "<group>"; };
		4520B51E15DB124200B81172 /* CPostWindowController.m */ = {isa = PBXFileReference; fileEncoding = 4; lastKnownFileType = sourcecode.c.objc; path = CPostWindowController.m; sourceTree = "<group>"; };
		4520B51F15DB124200B81172 /* CPostWindowController.xib */ = {isa = PBXFileReference; fileEncoding = 4; lastKnownFileType = file.xib; path = CPostWindowController.xib; sourceTree = "<group>"; };
		45DAA30915D8B26300459C51 /* AppFeed.app */ = {isa = PBXFileReference; explicitFileType = wrapper.application; includeInIndex = 0; path = AppFeed.app; sourceTree = BUILT_PRODUCTS_DIR; };
		45DAA30D15D8B26300459C51 /* Cocoa.framework */ = {isa = PBXFileReference; lastKnownFileType = wrapper.framework; name = Cocoa.framework; path = System/Library/Frameworks/Cocoa.framework; sourceTree = SDKROOT; };
		45DAA31015D8B26300459C51 /* AppKit.framework */ = {isa = PBXFileReference; lastKnownFileType = wrapper.framework; name = AppKit.framework; path = System/Library/Frameworks/AppKit.framework; sourceTree = SDKROOT; };
		45DAA31115D8B26300459C51 /* CoreData.framework */ = {isa = PBXFileReference; lastKnownFileType = wrapper.framework; name = CoreData.framework; path = System/Library/Frameworks/CoreData.framework; sourceTree = SDKROOT; };
		45DAA31215D8B26300459C51 /* Foundation.framework */ = {isa = PBXFileReference; lastKnownFileType = wrapper.framework; name = Foundation.framework; path = System/Library/Frameworks/Foundation.framework; sourceTree = SDKROOT; };
		45DAA33015D8B26400459C51 /* CoreServices.framework */ = {isa = PBXFileReference; lastKnownFileType = wrapper.framework; name = CoreServices.framework; path = System/Library/Frameworks/CoreServices.framework; sourceTree = SDKROOT; };
		45DAA33215D8B26400459C51 /* CoreFoundation.framework */ = {isa = PBXFileReference; lastKnownFileType = wrapper.framework; name = CoreFoundation.framework; path = System/Library/Frameworks/CoreFoundation.framework; sourceTree = SDKROOT; };
		45DAA33415D8B26400459C51 /* CoreData.framework */ = {isa = PBXFileReference; lastKnownFileType = wrapper.framework; name = CoreData.framework; path = System/Library/Frameworks/CoreData.framework; sourceTree = SDKROOT; };
		45DAA33615D8B26400459C51 /* Foundation.framework */ = {isa = PBXFileReference; lastKnownFileType = wrapper.framework; name = Foundation.framework; path = System/Library/Frameworks/Foundation.framework; sourceTree = SDKROOT; };
		45DAA35415D8B3AE00459C51 /* WebKit.framework */ = {isa = PBXFileReference; lastKnownFileType = wrapper.framework; name = WebKit.framework; path = System/Library/Frameworks/WebKit.framework; sourceTree = SDKROOT; };
/* End PBXFileReference section */

/* Begin PBXFrameworksBuildPhase section */
		45DAA30615D8B26300459C51 /* Frameworks */ = {
			isa = PBXFrameworksBuildPhase;
			buildActionMask = 2147483647;
			files = (
				4520B41415DABE4000B81172 /* Security.framework in Frameworks */,
				45DAA30E15D8B26300459C51 /* Cocoa.framework in Frameworks */,
				45DAA35B15D8B61E00459C51 /* WebKit.framework in Frameworks */,
			);
			runOnlyForDeploymentPostprocessing = 0;
		};
/* End PBXFrameworksBuildPhase section */

/* Begin PBXGroup section */
		4520B2EA15DA28E500B81172 /* AppFeed */ = {
			isa = PBXGroup;
			children = (
				4520B2F515DA28E500B81172 /* Source */,
				4520B2EB15DA28E500B81172 /* Resources */,
			);
			path = AppFeed;
			sourceTree = "<group>";
		};
		4520B2EB15DA28E500B81172 /* Resources */ = {
			isa = PBXGroup;
			children = (
				4520B32115DA290200B81172 /* MainWindow.xib */,
				4520B2EC15DA28E500B81172 /* Credits.rtf */,
				4520B2EE15DA28E500B81172 /* InfoPlist.strings */,
				4520B2F215DA28E500B81172 /* MainMenu.xib */,
				4520B2F415DA28E500B81172 /* Info.plist */,
			);
			path = Resources;
			sourceTree = "<group>";
		};
		4520B2F515DA28E500B81172 /* Source */ = {
			isa = PBXGroup;
			children = (
				4520B32315DA293C00B81172 /* main.m */,
				4520B2F615DA28E500B81172 /* CAppDelegate.h */,
				4520B2F715DA28E500B81172 /* CAppDelegate.m */,
				4520B2F815DA28E500B81172 /* CAuthenticationViewController.h */,
				4520B2F915DA28E500B81172 /* CAuthenticationViewController.m */,
				4520B2FA15DA28E500B81172 /* CAuthenticationViewController.xib */,
				4520B2FB15DA28E500B81172 /* CMainWindowController.h */,
				4520B2FC15DA28E500B81172 /* CMainWindowController.m */,
				4520B33E15DA3D0000B81172 /* CMainViewController.h */,
				4520B33F15DA3D0000B81172 /* CMainViewController.m */,
				4520B34015DA3D0000B81172 /* CMainViewController.xib */,
				4520B2FD15DA28E500B81172 /* CTimelineViewController.h */,
				4520B2FE15DA28E500B81172 /* CTimelineViewController.m */,
				4520B2FF15DA28E500B81172 /* CTimelineViewController.xib */,
				4520B51D15DB124200B81172 /* CPostWindowController.h */,
				4520B51E15DB124200B81172 /* CPostWindowController.m */,
				4520B51F15DB124200B81172 /* CPostWindowController.xib */,
				451339DA15DB2F38009A1E59 /* CAsyncImageView.h */,
				451339DB15DB2F38009A1E59 /* CAsyncImageView.m */,
				451339DE15DB3012009A1E59 /* CTimelineTableCellView.h */,
				451339DF15DB3012009A1E59 /* CTimelineTableCellView.m */,
				4520B30115DA28E500B81172 /* Model */,
				4520B30615DA28E500B81172 /* Prefix.pch */,
				4520B30715DA28E500B81172 /* Support */,
			);
			path = Source;
			sourceTree = "<group>";
		};
		4520B30115DA28E500B81172 /* Model */ = {
			isa = PBXGroup;
			children = (
				4520B30215DA28E500B81172 /* AppFeed.xcdatamodeld */,
				4520B33615DA35A800B81172 /* CUser.h */,
				4520B33715DA35A800B81172 /* CUser.m */,
				4520B33315DA35A800B81172 /* CStream.h */,
				4520B33415DA35A800B81172 /* CStream.m */,
				4520B33015DA35A700B81172 /* CPost.h */,
				4520B33115DA35A700B81172 /* CPost.m */,
				4520B30415DA28E500B81172 /* CAppService.h */,
				4520B30515DA28E500B81172 /* CAppService.m */,
			);
			path = Model;
			sourceTree = "<group>";
		};
		4520B30715DA28E500B81172 /* Support */ = {
			isa = PBXGroup;
			children = (
				4520B30815DA28E500B81172 /* CArrayMergeHelper.h */,
				4520B30915DA28E500B81172 /* CArrayMergeHelper.m */,
				4520B30A15DA28E500B81172 /* CContainerView.h */,
				4520B30B15DA28E500B81172 /* CContainerView.m */,
				4520B30C15DA28E500B81172 /* NSArray_Extensions.h */,
				4520B30D15DA28E500B81172 /* NSArray_Extensions.m */,
				4520B30E15DA28E500B81172 /* NSURL+Extensions.h */,
				4520B30F15DA28E500B81172 /* NSURL+Extensions.m */,
			);
			path = Support;
			sourceTree = "<group>";
		};
		4520B34415DABD2700B81172 /* Externals */ = {
			isa = PBXGroup;
			children = (
				4520B42F15DAD38300B81172 /* TouchFoundation */,
			);
			path = Externals;
			sourceTree = "<group>";
		};
		4520B42F15DAD38300B81172 /* TouchFoundation */ = {
			isa = PBXGroup;
			children = (
				4520B43215DAD38300B81172 /* Source */,
			);
			path = TouchFoundation;
			sourceTree = "<group>";
		};
		4520B43215DAD38300B81172 /* Source */ = {
			isa = PBXGroup;
			children = (
				4520B43315DAD38300B81172 /* Asserts.h */,
				4520B43415DAD38300B81172 /* CoreData */,
				4520B43D15DAD38300B81172 /* Extensions */,
				4520B47815DAD38300B81172 /* InvocationGrabber */,
				4520B47D15DAD38300B81172 /* Misc */,
				4520B49A15DAD38300B81172 /* Networking */,
				4520B4A615DAD38400B81172 /* TouchcodePrefix.h */,
				4520B4A715DAD38400B81172 /* URLProtocols */,
				4520B4AA15DAD38400B81172 /* ValueTransformers */,
				4520B4B315DAD38400B81172 /* YAKeychain */,
			);
			path = Source;
			sourceTree = "<group>";
		};
		4520B43415DAD38300B81172 /* CoreData */ = {
			isa = PBXGroup;
			children = (
				4520B43515DAD38300B81172 /* CCoreDataManager.h */,
				4520B43615DAD38300B81172 /* CCoreDataManager.m */,
				4520B43715DAD38300B81172 /* CDebuggingManagedObjectContext.h */,
				4520B43815DAD38300B81172 /* CDebuggingManagedObjectContext.m */,
				4520B43B15DAD38300B81172 /* NSManagedObjectContext_Extensions.h */,
				4520B43C15DAD38300B81172 /* NSManagedObjectContext_Extensions.m */,
			);
			path = CoreData;
			sourceTree = "<group>";
		};
		4520B43D15DAD38300B81172 /* Extensions */ = {
			isa = PBXGroup;
			children = (
				4520B43E15DAD38300B81172 /* CBlockValueTransformer.h */,
				4520B43F15DAD38300B81172 /* CBlockValueTransformer.m */,
				4520B44015DAD38300B81172 /* Dates */,
				4520B44C15DAD38300B81172 /* NSArray_Extensions.h */,
				4520B44D15DAD38300B81172 /* NSArray_Extensions.m */,
				4520B44E15DAD38300B81172 /* NSData_Base64Extensions.h */,
				4520B44F15DAD38300B81172 /* NSData_Base64Extensions.m */,
				4520B45015DAD38300B81172 /* NSData_DigestExtensions.h */,
				4520B45115DAD38300B81172 /* NSData_DigestExtensions.m */,
				4520B45215DAD38300B81172 /* NSData_Extensions.h */,
				4520B45315DAD38300B81172 /* NSData_Extensions.m */,
				4520B45415DAD38300B81172 /* NSDecimalNumber_Extensions.h */,
				4520B45515DAD38300B81172 /* NSDecimalNumber_Extensions.m */,
				4520B45615DAD38300B81172 /* NSError_Extensions.h */,
				4520B45715DAD38300B81172 /* NSError_Extensions.m */,
				4520B45815DAD38300B81172 /* NSFileHandle_Extensions.h */,
				4520B45915DAD38300B81172 /* NSFileHandle_Extensions.m */,
				4520B45A15DAD38300B81172 /* NSFileManager_Extensions.h */,
				4520B45B15DAD38300B81172 /* NSFileManager_Extensions.m */,
				4520B45C15DAD38300B81172 /* NSNumber_Extensions.h */,
				4520B45D15DAD38300B81172 /* NSNumber_Extensions.m */,
				4520B45E15DAD38300B81172 /* NSObject_KVCExtensions.h */,
				4520B45F15DAD38300B81172 /* NSObject_KVCExtensions.m */,
				4520B46015DAD38300B81172 /* NSObject_KVOBlock.h */,
				4520B46115DAD38300B81172 /* NSObject_KVOBlock.m */,
				4520B46215DAD38300B81172 /* NSOperationQueue_Extensions.h */,
				4520B46315DAD38300B81172 /* NSOperationQueue_Extensions.m */,
				4520B46415DAD38300B81172 /* NSScanner_Extensions.h */,
				4520B46515DAD38300B81172 /* NSScanner_Extensions.m */,
				4520B46615DAD38300B81172 /* NSScanner_HTMLExtensions.h */,
				4520B46715DAD38300B81172 /* NSScanner_HTMLExtensions.m */,
				4520B46815DAD38300B81172 /* NSSet_Extensions.h */,
				4520B46915DAD38300B81172 /* NSSet_Extensions.m */,
				4520B46A15DAD38300B81172 /* NSString_Extensions.h */,
				4520B46B15DAD38300B81172 /* NSString_Extensions.m */,
				4520B46C15DAD38300B81172 /* NSString_HTMLExtensions.h */,
				4520B46D15DAD38300B81172 /* NSString_HTMLExtensions.m */,
				4520B46E15DAD38300B81172 /* NSURL_ComponentsExtensions.h */,
				4520B46F15DAD38300B81172 /* NSURL_ComponentsExtensions.m */,
				4520B47015DAD38300B81172 /* NSURL_DataExtensions.h */,
				4520B47115DAD38300B81172 /* NSURL_DataExtensions.m */,
				4520B47215DAD38300B81172 /* NSURL_Extensions.h */,
				4520B47315DAD38300B81172 /* NSURL_Extensions.m */,
				4520B47415DAD38300B81172 /* NSURLResponse_Extensions.h */,
				4520B47515DAD38300B81172 /* NSURLResponse_Extensions.m */,
				4520B47615DAD38300B81172 /* NSValue_Extensions.h */,
				4520B47715DAD38300B81172 /* NSValue_Extensions.m */,
			);
			path = Extensions;
			sourceTree = "<group>";
		};
		4520B44015DAD38300B81172 /* Dates */ = {
			isa = PBXGroup;
			children = (
				4520B44115DAD38300B81172 /* ISO-8601-parser-0.5 */,
				4520B44415DAD38300B81172 /* NSDate_Extensions.h */,
				4520B44515DAD38300B81172 /* NSDate_Extensions.m */,
				4520B44615DAD38300B81172 /* NSDate_InternetDateExtensions.h */,
				4520B44715DAD38300B81172 /* NSDate_InternetDateExtensions.m */,
				4520B44815DAD38300B81172 /* NSDate_LiberalDates.h */,
				4520B44915DAD38300B81172 /* NSDate_LiberalDates.m */,
				4520B44A15DAD38300B81172 /* NSDateFormatter_InternetDateExtensions.h */,
				4520B44B15DAD38300B81172 /* NSDateFormatter_InternetDateExtensions.m */,
			);
			path = Dates;
			sourceTree = "<group>";
		};
		4520B44115DAD38300B81172 /* ISO-8601-parser-0.5 */ = {
			isa = PBXGroup;
			children = (
				4520B44215DAD38300B81172 /* ISO8601DateFormatter.h */,
				4520B44315DAD38300B81172 /* ISO8601DateFormatter.m */,
			);
			path = "ISO-8601-parser-0.5";
			sourceTree = "<group>";
		};
		4520B47815DAD38300B81172 /* InvocationGrabber */ = {
			isa = PBXGroup;
			children = (
				4520B47915DAD38300B81172 /* CInvocationGrabber.h */,
				4520B47A15DAD38300B81172 /* CInvocationGrabber.m */,
				4520B47B15DAD38300B81172 /* NSObject_InvocationGrabberExtensions.h */,
				4520B47C15DAD38300B81172 /* NSObject_InvocationGrabberExtensions.m */,
			);
			path = InvocationGrabber;
			sourceTree = "<group>";
		};
		4520B47D15DAD38300B81172 /* Misc */ = {
			isa = PBXGroup;
			children = (
				4520B47E15DAD38300B81172 /* Base64Transcoder.c */,
				4520B47F15DAD38300B81172 /* Base64Transcoder.h */,
				4520B48015DAD38300B81172 /* CDateRange.h */,
				4520B48115DAD38300B81172 /* CDateRange.m */,
				4520B48215DAD38300B81172 /* CFormEncodingSerialization.h */,
				4520B48315DAD38300B81172 /* CFormEncodingSerialization.m */,
				4520B48415DAD38300B81172 /* CJSONValueTransformer.h */,
				4520B48515DAD38300B81172 /* CJSONValueTransformer.m */,
				4520B48615DAD38300B81172 /* CPersistentCache.h */,
				4520B48715DAD38300B81172 /* CPersistentCache.m */,
				4520B48815DAD38300B81172 /* CTemporaryData.h */,
				4520B48915DAD38300B81172 /* CTemporaryData.m */,
				4520B48A15DAD38300B81172 /* CTemporaryFile.h */,
				4520B48B15DAD38300B81172 /* CTemporaryFile.m */,
				4520B48C15DAD38300B81172 /* CTrivialTemplate.h */,
				4520B48D15DAD38300B81172 /* CTrivialTemplate.m */,
				4520B48E15DAD38300B81172 /* CTypedData.h */,
				4520B48F15DAD38300B81172 /* CTypedData.m */,
				4520B49015DAD38300B81172 /* CTypedData_JSONExtensions.h */,
				4520B49115DAD38300B81172 /* CTypedData_JSONExtensions.m */,
				4520B49215DAD38300B81172 /* CURLOperation.h */,
				4520B49315DAD38300B81172 /* CURLOperation.m */,
				4520B49415DAD38300B81172 /* CValueValidator.h */,
				4520B49515DAD38300B81172 /* CValueValidator.m */,
				4520B49615DAD38300B81172 /* CValueWrapper.h */,
				4520B49715DAD38300B81172 /* CValueWrapper.m */,
				4520B49815DAD38300B81172 /* Geometry.h */,
				4520B49915DAD38300B81172 /* Geometry.m */,
			);
			path = Misc;
			sourceTree = "<group>";
		};
		4520B49A15DAD38300B81172 /* Networking */ = {
			isa = PBXGroup;
			children = (
				4520B49B15DAD38400B81172 /* CNetworkManager.h */,
				4520B49C15DAD38400B81172 /* CNetworkManager.m */,
				4520B49D15DAD38400B81172 /* CTestNetworkManager.h */,
				4520B49E15DAD38400B81172 /* CTestNetworkManager.m */,
			);
			path = Networking;
			sourceTree = "<group>";
		};
		4520B4A715DAD38400B81172 /* URLProtocols */ = {
			isa = PBXGroup;
			children = (
				4520B4A815DAD38400B81172 /* CBundleResourceURLProtocol.h */,
				4520B4A915DAD38400B81172 /* CBundleResourceURLProtocol.m */,
			);
			path = URLProtocols;
			sourceTree = "<group>";
		};
		4520B4AA15DAD38400B81172 /* ValueTransformers */ = {
			isa = PBXGroup;
			children = (
				4520B4AB15DAD38400B81172 /* CCommaArrayTransformer.h */,
				4520B4AC15DAD38400B81172 /* CCommaArrayTransformer.m */,
				4520B4AD15DAD38400B81172 /* CFloatTransformer.h */,
				4520B4AE15DAD38400B81172 /* CFloatTransformer.m */,
				4520B4AF15DAD38400B81172 /* CHumanDateFormatter.h */,
				4520B4B015DAD38400B81172 /* CHumanDateFormatter.m */,
				4520B4B115DAD38400B81172 /* CNumberToStringValueTransformer.h */,
				4520B4B215DAD38400B81172 /* CNumberToStringValueTransformer.m */,
			);
			path = ValueTransformers;
			sourceTree = "<group>";
		};
		4520B4B315DAD38400B81172 /* YAKeychain */ = {
			isa = PBXGroup;
			children = (
				4520B4B415DAD38400B81172 /* CYAKeychain.h */,
				4520B4B515DAD38400B81172 /* CYAKeychain.m */,
			);
			path = YAKeychain;
			sourceTree = "<group>";
		};
		45DAA2FE15D8B26300459C51 = {
			isa = PBXGroup;
			children = (
				4520B2EA15DA28E500B81172 /* AppFeed */,
				4520B34415DABD2700B81172 /* Externals */,
				45DAA30C15D8B26300459C51 /* Frameworks */,
				45DAA30A15D8B26300459C51 /* Products */,
			);
			sourceTree = "<group>";
		};
		45DAA30A15D8B26300459C51 /* Products */ = {
			isa = PBXGroup;
			children = (
				45DAA30915D8B26300459C51 /* AppFeed.app */,
			);
			name = Products;
			sourceTree = "<group>";
		};
		45DAA30C15D8B26300459C51 /* Frameworks */ = {
			isa = PBXGroup;
			children = (
				4520B41315DABE4000B81172 /* Security.framework */,
				45DAA30D15D8B26300459C51 /* Cocoa.framework */,
				45DAA33015D8B26400459C51 /* CoreServices.framework */,
				45DAA33215D8B26400459C51 /* CoreFoundation.framework */,
				45DAA33415D8B26400459C51 /* CoreData.framework */,
				45DAA33615D8B26400459C51 /* Foundation.framework */,
				45DAA30F15D8B26300459C51 /* Other Frameworks */,
			);
			name = Frameworks;
			sourceTree = "<group>";
		};
		45DAA30F15D8B26300459C51 /* Other Frameworks */ = {
			isa = PBXGroup;
			children = (
				45DAA35415D8B3AE00459C51 /* WebKit.framework */,
				45DAA31015D8B26300459C51 /* AppKit.framework */,
				45DAA31115D8B26300459C51 /* CoreData.framework */,
				45DAA31215D8B26300459C51 /* Foundation.framework */,
			);
			name = "Other Frameworks";
			sourceTree = "<group>";
		};
/* End PBXGroup section */

/* Begin PBXNativeTarget section */
		45DAA30815D8B26300459C51 /* AppFeed */ = {
			isa = PBXNativeTarget;
			buildConfigurationList = 45DAA34C15D8B26400459C51 /* Build configuration list for PBXNativeTarget "AppFeed" */;
			buildPhases = (
				45DAA30515D8B26300459C51 /* Sources */,
				45DAA30615D8B26300459C51 /* Frameworks */,
				45DAA30715D8B26300459C51 /* Resources */,
			);
			buildRules = (
			);
			dependencies = (
			);
			name = AppFeed;
			productName = App;
			productReference = 45DAA30915D8B26300459C51 /* AppFeed.app */;
			productType = "com.apple.product-type.application";
		};
/* End PBXNativeTarget section */

/* Begin PBXProject section */
		45DAA30015D8B26300459C51 /* Project object */ = {
			isa = PBXProject;
			attributes = {
				CLASSPREFIX = C;
				LastUpgradeCheck = 0450;
				ORGANIZATIONNAME = toxicsoftware;
			};
			buildConfigurationList = 45DAA30315D8B26300459C51 /* Build configuration list for PBXProject "AppFeed" */;
			compatibilityVersion = "Xcode 3.2";
			developmentRegion = English;
			hasScannedForEncodings = 0;
			knownRegions = (
				en,
			);
			mainGroup = 45DAA2FE15D8B26300459C51;
			productRefGroup = 45DAA30A15D8B26300459C51 /* Products */;
			projectDirPath = "";
			projectRoot = "";
			targets = (
				45DAA30815D8B26300459C51 /* AppFeed */,
			);
		};
/* End PBXProject section */

/* Begin PBXResourcesBuildPhase section */
		45DAA30715D8B26300459C51 /* Resources */ = {
			isa = PBXResourcesBuildPhase;
			buildActionMask = 2147483647;
			files = (
				4520B31015DA28E500B81172 /* Credits.rtf in Resources */,
				4520B31115DA28E500B81172 /* InfoPlist.strings in Resources */,
				4520B31215DA28E500B81172 /* MainMenu.xib in Resources */,
				4520B31615DA28E500B81172 /* CAuthenticationViewController.xib in Resources */,
				4520B31915DA28E500B81172 /* CTimelineViewController.xib in Resources */,
				4520B32215DA290200B81172 /* MainWindow.xib in Resources */,
				4520B34215DA3D0000B81172 /* CMainViewController.xib in Resources */,
				4520B52115DB124200B81172 /* CPostWindowController.xib in Resources */,
			);
			runOnlyForDeploymentPostprocessing = 0;
		};
/* End PBXResourcesBuildPhase section */

/* Begin PBXSourcesBuildPhase section */
		45DAA30515D8B26300459C51 /* Sources */ = {
			isa = PBXSourcesBuildPhase;
			buildActionMask = 2147483647;
			files = (
				4520B31415DA28E500B81172 /* CAppDelegate.m in Sources */,
				4520B31515DA28E500B81172 /* CAuthenticationViewController.m in Sources */,
				4520B31715DA28E500B81172 /* CMainWindowController.m in Sources */,
				4520B31815DA28E500B81172 /* CTimelineViewController.m in Sources */,
				4520B31B15DA28E500B81172 /* AppFeed.xcdatamodeld in Sources */,
				4520B31C15DA28E500B81172 /* CAppService.m in Sources */,
				4520B31D15DA28E500B81172 /* CArrayMergeHelper.m in Sources */,
				4520B31E15DA28E500B81172 /* CContainerView.m in Sources */,
				4520B31F15DA28E500B81172 /* NSArray_Extensions.m in Sources */,
				4520B32015DA28E500B81172 /* NSURL+Extensions.m in Sources */,
				4520B32415DA293C00B81172 /* main.m in Sources */,
				4520B33215DA35A700B81172 /* CPost.m in Sources */,
				4520B33515DA35A800B81172 /* CStream.m in Sources */,
				4520B33815DA35A800B81172 /* CUser.m in Sources */,
				4520B34115DA3D0000B81172 /* CMainViewController.m in Sources */,
				4520B4C515DAD38400B81172 /* CCoreDataManager.m in Sources */,
				4520B4C615DAD38400B81172 /* CDebuggingManagedObjectContext.m in Sources */,
				4520B4C815DAD38400B81172 /* NSManagedObjectContext_Extensions.m in Sources */,
				4520B4C915DAD38400B81172 /* CBlockValueTransformer.m in Sources */,
				4520B4CA15DAD38400B81172 /* ISO8601DateFormatter.m in Sources */,
				4520B4CB15DAD38400B81172 /* NSDate_Extensions.m in Sources */,
				4520B4CC15DAD38400B81172 /* NSDate_InternetDateExtensions.m in Sources */,
				4520B4CD15DAD38400B81172 /* NSDate_LiberalDates.m in Sources */,
				4520B4CE15DAD38400B81172 /* NSDateFormatter_InternetDateExtensions.m in Sources */,
				4520B4CF15DAD38400B81172 /* NSArray_Extensions.m in Sources */,
				4520B4D015DAD38400B81172 /* NSData_Base64Extensions.m in Sources */,
				4520B4D115DAD38400B81172 /* NSData_DigestExtensions.m in Sources */,
				4520B4D215DAD38400B81172 /* NSData_Extensions.m in Sources */,
				4520B4D315DAD38400B81172 /* NSDecimalNumber_Extensions.m in Sources */,
				4520B4D415DAD38400B81172 /* NSError_Extensions.m in Sources */,
				4520B4D515DAD38400B81172 /* NSFileHandle_Extensions.m in Sources */,
				4520B4D615DAD38400B81172 /* NSFileManager_Extensions.m in Sources */,
				4520B4D715DAD38400B81172 /* NSNumber_Extensions.m in Sources */,
				4520B4D815DAD38400B81172 /* NSObject_KVCExtensions.m in Sources */,
				4520B4D915DAD38400B81172 /* NSObject_KVOBlock.m in Sources */,
				4520B4DA15DAD38400B81172 /* NSOperationQueue_Extensions.m in Sources */,
				4520B4DB15DAD38400B81172 /* NSScanner_Extensions.m in Sources */,
				4520B4DC15DAD38400B81172 /* NSScanner_HTMLExtensions.m in Sources */,
				4520B4DD15DAD38400B81172 /* NSSet_Extensions.m in Sources */,
				4520B4DE15DAD38400B81172 /* NSString_Extensions.m in Sources */,
				4520B4DF15DAD38400B81172 /* NSString_HTMLExtensions.m in Sources */,
				4520B4E015DAD38400B81172 /* NSURL_ComponentsExtensions.m in Sources */,
				4520B4E115DAD38400B81172 /* NSURL_DataExtensions.m in Sources */,
				4520B4E215DAD38400B81172 /* NSURL_Extensions.m in Sources */,
				4520B4E315DAD38400B81172 /* NSURLResponse_Extensions.m in Sources */,
				4520B4E415DAD38400B81172 /* NSValue_Extensions.m in Sources */,
				4520B4E515DAD38400B81172 /* CInvocationGrabber.m in Sources */,
				4520B4E615DAD38400B81172 /* NSObject_InvocationGrabberExtensions.m in Sources */,
				4520B4E715DAD38400B81172 /* Base64Transcoder.c in Sources */,
				4520B4E815DAD38400B81172 /* CDateRange.m in Sources */,
				4520B4E915DAD38400B81172 /* CFormEncodingSerialization.m in Sources */,
				4520B4EA15DAD38400B81172 /* CJSONValueTransformer.m in Sources */,
				4520B4EB15DAD38400B81172 /* CPersistentCache.m in Sources */,
				4520B4EC15DAD38400B81172 /* CTemporaryData.m in Sources */,
				4520B4ED15DAD38400B81172 /* CTemporaryFile.m in Sources */,
				4520B4EE15DAD38400B81172 /* CTrivialTemplate.m in Sources */,
				4520B4EF15DAD38400B81172 /* CTypedData.m in Sources */,
				4520B4F015DAD38400B81172 /* CTypedData_JSONExtensions.m in Sources */,
				4520B4F115DAD38400B81172 /* CURLOperation.m in Sources */,
				4520B4F215DAD38400B81172 /* CValueValidator.m in Sources */,
				4520B4F315DAD38400B81172 /* CValueWrapper.m in Sources */,
				4520B4F415DAD38400B81172 /* Geometry.m in Sources */,
				4520B4F515DAD38400B81172 /* CNetworkManager.m in Sources */,
				4520B4F615DAD38400B81172 /* CTestNetworkManager.m in Sources */,
				4520B4FA15DAD38400B81172 /* CBundleResourceURLProtocol.m in Sources */,
				4520B4FB15DAD38400B81172 /* CCommaArrayTransformer.m in Sources */,
				4520B4FC15DAD38400B81172 /* CFloatTransformer.m in Sources */,
				4520B4FD15DAD38400B81172 /* CHumanDateFormatter.m in Sources */,
				4520B4FE15DAD38400B81172 /* CNumberToStringValueTransformer.m in Sources */,
				4520B4FF15DAD38400B81172 /* CYAKeychain.m in Sources */,
				4520B52015DB124200B81172 /* CPostWindowController.m in Sources */,
				451339DC15DB2F38009A1E59 /* CAsyncImageView.m in Sources */,
				451339E015DB3012009A1E59 /* CTimelineTableCellView.m in Sources */,
			);
			runOnlyForDeploymentPostprocessing = 0;
		};
/* End PBXSourcesBuildPhase section */

/* Begin PBXVariantGroup section */
		4520B2EC15DA28E500B81172 /* Credits.rtf */ = {
			isa = PBXVariantGroup;
			children = (
				4520B2ED15DA28E500B81172 /* en */,
			);
			name = Credits.rtf;
			sourceTree = "<group>";
		};
		4520B2EE15DA28E500B81172 /* InfoPlist.strings */ = {
			isa = PBXVariantGroup;
			children = (
				4520B2EF15DA28E500B81172 /* en */,
			);
			name = InfoPlist.strings;
			sourceTree = "<group>";
		};
		4520B2F215DA28E500B81172 /* MainMenu.xib */ = {
			isa = PBXVariantGroup;
			children = (
				4520B2F315DA28E500B81172 /* en */,
			);
			name = MainMenu.xib;
			sourceTree = "<group>";
		};
/* End PBXVariantGroup section */

/* Begin XCBuildConfiguration section */
		45DAA34715D8B26400459C51 /* Debug */ = {
			isa = XCBuildConfiguration;
			buildSettings = {
				ALWAYS_SEARCH_USER_PATHS = NO;
				ARCHS = "$(ARCHS_STANDARD_64_BIT)";
				CLANG_CXX_LANGUAGE_STANDARD = "gnu++0x";
				CLANG_CXX_LIBRARY = "libc++";
				CLANG_ENABLE_OBJC_ARC = YES;
				CLANG_WARN__DUPLICATE_METHOD_MATCH = YES;
				COPY_PHASE_STRIP = NO;
				GCC_C_LANGUAGE_STANDARD = gnu99;
				GCC_DYNAMIC_NO_PIC = NO;
				GCC_ENABLE_OBJC_EXCEPTIONS = YES;
				GCC_OPTIMIZATION_LEVEL = 0;
				GCC_PREPROCESSOR_DEFINITIONS = (
					"DEBUG=1",
					"$(inherited)",
				);
				GCC_SYMBOLS_PRIVATE_EXTERN = NO;
				GCC_WARN_64_TO_32_BIT_CONVERSION = YES;
				GCC_WARN_ABOUT_RETURN_TYPE = YES;
				GCC_WARN_UNINITIALIZED_AUTOS = YES;
				GCC_WARN_UNUSED_VARIABLE = YES;
				MACOSX_DEPLOYMENT_TARGET = 10.8;
				ONLY_ACTIVE_ARCH = YES;
				RUN_CLANG_STATIC_ANALYZER = YES;
				SDKROOT = macosx;
			};
			name = Debug;
		};
		45DAA34815D8B26400459C51 /* Release */ = {
			isa = XCBuildConfiguration;
			buildSettings = {
				ALWAYS_SEARCH_USER_PATHS = NO;
				ARCHS = "$(ARCHS_STANDARD_64_BIT)";
				CLANG_CXX_LANGUAGE_STANDARD = "gnu++0x";
				CLANG_CXX_LIBRARY = "libc++";
				CLANG_ENABLE_OBJC_ARC = YES;
				CLANG_WARN__DUPLICATE_METHOD_MATCH = YES;
				COPY_PHASE_STRIP = YES;
				DEBUG_INFORMATION_FORMAT = "dwarf-with-dsym";
				GCC_C_LANGUAGE_STANDARD = gnu99;
				GCC_ENABLE_OBJC_EXCEPTIONS = YES;
				GCC_WARN_64_TO_32_BIT_CONVERSION = YES;
				GCC_WARN_ABOUT_RETURN_TYPE = YES;
				GCC_WARN_UNINITIALIZED_AUTOS = YES;
				GCC_WARN_UNUSED_VARIABLE = YES;
				MACOSX_DEPLOYMENT_TARGET = 10.8;
				RUN_CLANG_STATIC_ANALYZER = YES;
				SDKROOT = macosx;
			};
			name = Release;
		};
		45DAA34D15D8B26400459C51 /* Debug */ = {
			isa = XCBuildConfiguration;
			buildSettings = {
				COMBINE_HIDPI_IMAGES = YES;
				GCC_PRECOMPILE_PREFIX_HEADER = YES;
				GCC_PREFIX_HEADER = AppFeed/Source/Prefix.pch;
				INFOPLIST_FILE = AppFeed/Resources/Info.plist;
				PRODUCT_NAME = AppFeed;
				WRAPPER_EXTENSION = app;
			};
			name = Debug;
		};
		45DAA34E15D8B26400459C51 /* Release */ = {
			isa = XCBuildConfiguration;
			buildSettings = {
				COMBINE_HIDPI_IMAGES = YES;
				GCC_PRECOMPILE_PREFIX_HEADER = YES;
				GCC_PREFIX_HEADER = AppFeed/Source/Prefix.pch;
				INFOPLIST_FILE = AppFeed/Resources/Info.plist;
				PRODUCT_NAME = AppFeed;
				WRAPPER_EXTENSION = app;
			};
			name = Release;
		};
/* End XCBuildConfiguration section */

/* Begin XCConfigurationList section */
		45DAA30315D8B26300459C51 /* Build configuration list for PBXProject "AppFeed" */ = {
			isa = XCConfigurationList;
			buildConfigurations = (
				45DAA34715D8B26400459C51 /* Debug */,
				45DAA34815D8B26400459C51 /* Release */,
			);
			defaultConfigurationIsVisible = 0;
			defaultConfigurationName = Release;
		};
		45DAA34C15D8B26400459C51 /* Build configuration list for PBXNativeTarget "AppFeed" */ = {
			isa = XCConfigurationList;
			buildConfigurations = (
				45DAA34D15D8B26400459C51 /* Debug */,
				45DAA34E15D8B26400459C51 /* Release */,
			);
			defaultConfigurationIsVisible = 0;
			defaultConfigurationName = Release;
		};
/* End XCConfigurationList section */

/* Begin XCVersionGroup section */
		4520B30215DA28E500B81172 /* AppFeed.xcdatamodeld */ = {
			isa = XCVersionGroup;
			children = (
				4520B32515DA2BF800B81172 /* 2.xcdatamodel */,
				4520B32615DA344E00B81172 /* 3.xcdatamodel */,
				4520B33915DA399D00B81172 /* 4.xcdatamodel */,
				4520B30315DA28E500B81172 /* 1.xcdatamodel */,
			);
			currentVersion = 4520B33915DA399D00B81172 /* 4.xcdatamodel */;
			path = AppFeed.xcdatamodeld;
			sourceTree = "<group>";
			versionGroupType = wrapper.xcdatamodel;
		};
/* End XCVersionGroup section */
	};
	rootObject = 45DAA30015D8B26300459C51 /* Project object */;
}
